
Microsoft Visual Studio Solution File, Format Version 12.00
# Visual Studio Version 17
VisualStudioVersion = 17.13.35806.99 d17.13
MinimumVisualStudioVersion = 10.0.40219.1
Project("{FAE04EC0-301F-11D3-BF4B-00C04F79EFBC}") = "MeinProjekt", "MeinProjekt\MeinProjekt.csproj", "{0D1BD207-6589-4F26-9647-8D26D1063193}"
EndProject
Global
	GlobalSection(SolutionConfigurationPlatforms) = preSolution
		Debug|Any CPU = Debug|Any CPU
		Release|Any CPU = Release|Any CPU
	EndGlobalSection
	GlobalSection(ProjectConfigurationPlatforms) = postSolution
		{0D1BD207-6589-4F26-9647-8D26D1063193}.Debug|Any CPU.ActiveCfg = Debug|Any CPU
		{0D1BD207-6589-4F26-9647-8D26D1063193}.Debug|Any CPU.Build.0 = Debug|Any CPU
		{0D1BD207-6589-4F26-9647-8D26D1063193}.Release|Any CPU.ActiveCfg = Release|Any CPU
		{0D1BD207-6589-4F26-9647-8D26D1063193}.Release|Any CPU.Build.0 = Release|Any CPU
	EndGlobalSection
	GlobalSection(SolutionProperties) = preSolution
		HideSolutionNode = FALSE
	EndGlobalSection
	GlobalSection(ExtensibilityGlobals) = postSolution
		SolutionGuid = {22B05F64-AB3A-4202-9811-95D0F1CF480C}
	EndGlobalSection
EndGlobal
